
Microsoft Visual Studio Solution File, Format Version 12.00
# Visual Studio 15
Project("{FAE04EC0-301F-11D3-BF4B-00C04F79EFBC}") = "Assembly-CSharp", "Assembly-CSharp.csproj", "{564D629A-2F3B-A29A-1957-0E53D09C78D5}"
EndProject
Project("{FAE04EC0-301F-11D3-BF4B-00C04F79EFBC}") = "NavMeshComponents", "NavMeshComponents.csproj", "{64B2D874-2764-3C5B-054C-E14131DF6840}"
EndProject
Project("{FAE04EC0-301F-11D3-BF4B-00C04F79EFBC}") = "Assembly-CSharp-Editor", "Assembly-CSharp-Editor.csproj", "{D466F782-0C2A-352B-A7B4-A805ABA96E84}"
EndProject
Project("{FAE04EC0-301F-11D3-BF4B-00C04F79EFBC}") = "NavMeshComponentsEditor", "NavMeshComponentsEditor.csproj", "{70672076-83BD-3114-F4ED-9D803884EE9F}"
EndProject
Global
	GlobalSection(SolutionConfigurationPlatforms) = preSolution
		Debug|Any CPU = Debug|Any CPU
		Release|Any CPU = Release|Any CPU
	EndGlobalSection
	GlobalSection(ProjectConfigurationPlatforms) = postSolution
		{564D629A-2F3B-A29A-1957-0E53D09C78D5}.Debug|Any CPU.ActiveCfg = Debug|Any CPU
		{564D629A-2F3B-A29A-1957-0E53D09C78D5}.Debug|Any CPU.Build.0 = Debug|Any CPU
		{564D629A-2F3B-A29A-1957-0E53D09C78D5}.Release|Any CPU.ActiveCfg = Release|Any CPU
		{564D629A-2F3B-A29A-1957-0E53D09C78D5}.Release|Any CPU.Build.0 = Release|Any CPU
		{64B2D874-2764-3C5B-054C-E14131DF6840}.Debug|Any CPU.ActiveCfg = Debug|Any CPU
		{64B2D874-2764-3C5B-054C-E14131DF6840}.Debug|Any CPU.Build.0 = Debug|Any CPU
		{64B2D874-2764-3C5B-054C-E14131DF6840}.Release|Any CPU.ActiveCfg = Release|Any CPU
		{64B2D874-2764-3C5B-054C-E14131DF6840}.Release|Any CPU.Build.0 = Release|Any CPU
		{D466F782-0C2A-352B-A7B4-A805ABA96E84}.Debug|Any CPU.ActiveCfg = Debug|Any CPU
		{D466F782-0C2A-352B-A7B4-A805ABA96E84}.Debug|Any CPU.Build.0 = Debug|Any CPU
		{D466F782-0C2A-352B-A7B4-A805ABA96E84}.Release|Any CPU.ActiveCfg = Release|Any CPU
		{D466F782-0C2A-352B-A7B4-A805ABA96E84}.Release|Any CPU.Build.0 = Release|Any CPU
		{70672076-83BD-3114-F4ED-9D803884EE9F}.Debug|Any CPU.ActiveCfg = Debug|Any CPU
		{70672076-83BD-3114-F4ED-9D803884EE9F}.Debug|Any CPU.Build.0 = Debug|Any CPU
		{70672076-83BD-3114-F4ED-9D803884EE9F}.Release|Any CPU.ActiveCfg = Release|Any CPU
		{70672076-83BD-3114-F4ED-9D803884EE9F}.Release|Any CPU.Build.0 = Release|Any CPU
	EndGlobalSection
	GlobalSection(SolutionProperties) = preSolution
		HideSolutionNode = FALSE
	EndGlobalSection
EndGlobal
