
Microsoft Visual Studio Solution File, Format Version 12.00
# Visual Studio 15
Project("{FAE04EC0-301F-11D3-BF4B-00C04F79EFBC}") = "Assembly-CSharp-firstpass", "Assembly-CSharp-firstpass.csproj", "{8AE2FAC8-2566-5D8A-4E2D-7A60A0F64E71}"
EndProject
Project("{FAE04EC0-301F-11D3-BF4B-00C04F79EFBC}") = "Assembly-CSharp", "Assembly-CSharp.csproj", "{39647260-9044-9F33-7C62-873BBB4EB2CA}"
EndProject
Project("{FAE04EC0-301F-11D3-BF4B-00C04F79EFBC}") = "Assembly-CSharp-Editor-firstpass", "Assembly-CSharp-Editor-firstpass.csproj", "{5DD3B939-6278-3F59-3BE7-A9AAA5AD4AF9}"
EndProject
Project("{FAE04EC0-301F-11D3-BF4B-00C04F79EFBC}") = "Assembly-CSharp-Editor", "Assembly-CSharp-Editor.csproj", "{40FB192E-1DBB-C56C-DFB0-D9994F1120C9}"
EndProject
Global
	GlobalSection(SolutionConfigurationPlatforms) = preSolution
		Debug|Any CPU = Debug|Any CPU
		Release|Any CPU = Release|Any CPU
	EndGlobalSection
	GlobalSection(ProjectConfigurationPlatforms) = postSolution
		{8AE2FAC8-2566-5D8A-4E2D-7A60A0F64E71}.Debug|Any CPU.ActiveCfg = Debug|Any CPU
		{8AE2FAC8-2566-5D8A-4E2D-7A60A0F64E71}.Debug|Any CPU.Build.0 = Debug|Any CPU
		{8AE2FAC8-2566-5D8A-4E2D-7A60A0F64E71}.Release|Any CPU.ActiveCfg = Release|Any CPU
		{8AE2FAC8-2566-5D8A-4E2D-7A60A0F64E71}.Release|Any CPU.Build.0 = Release|Any CPU
		{39647260-9044-9F33-7C62-873BBB4EB2CA}.Debug|Any CPU.ActiveCfg = Debug|Any CPU
		{39647260-9044-9F33-7C62-873BBB4EB2CA}.Debug|Any CPU.Build.0 = Debug|Any CPU
		{39647260-9044-9F33-7C62-873BBB4EB2CA}.Release|Any CPU.ActiveCfg = Release|Any CPU
		{39647260-9044-9F33-7C62-873BBB4EB2CA}.Release|Any CPU.Build.0 = Release|Any CPU
		{5DD3B939-6278-3F59-3BE7-A9AAA5AD4AF9}.Debug|Any CPU.ActiveCfg = Debug|Any CPU
		{5DD3B939-6278-3F59-3BE7-A9AAA5AD4AF9}.Debug|Any CPU.Build.0 = Debug|Any CPU
		{5DD3B939-6278-3F59-3BE7-A9AAA5AD4AF9}.Release|Any CPU.ActiveCfg = Release|Any CPU
		{5DD3B939-6278-3F59-3BE7-A9AAA5AD4AF9}.Release|Any CPU.Build.0 = Release|Any CPU
		{40FB192E-1DBB-C56C-DFB0-D9994F1120C9}.Debug|Any CPU.ActiveCfg = Debug|Any CPU
		{40FB192E-1DBB-C56C-DFB0-D9994F1120C9}.Debug|Any CPU.Build.0 = Debug|Any CPU
		{40FB192E-1DBB-C56C-DFB0-D9994F1120C9}.Release|Any CPU.ActiveCfg = Release|Any CPU
		{40FB192E-1DBB-C56C-DFB0-D9994F1120C9}.Release|Any CPU.Build.0 = Release|Any CPU
	EndGlobalSection
	GlobalSection(SolutionProperties) = preSolution
		HideSolutionNode = FALSE
	EndGlobalSection
EndGlobal
